
Microsoft Visual Studio Solution File, Format Version 12.00
# Visual Studio Version 16
VisualStudioVersion = 16.0.29728.190
MinimumVisualStudioVersion = 10.0.40219.1
Project("{2150E333-8FDC-42A3-9474-1A3956D46DE8}") = "BuildingBlocks", "BuildingBlocks", "{3A1500D7-BB0E-43A7-B4F4-A84AB6FD03EE}"
EndProject
Project("{2150E333-8FDC-42A3-9474-1A3956D46DE8}") = "Database", "Database", "{4D5A55A1-AB47-4F4E-A250-0052C74D39EF}"
EndProject
Project("{2150E333-8FDC-42A3-9474-1A3956D46DE8}") = "Modules", "Modules", "{BFB965CA-BE53-4B82-B5DE-7468B6B34F36}"
EndProject
Project("{FAE04EC0-301F-11D3-BF4B-00C04F79EFBC}") = "PeTelecome.BuildingBlocks.Infrastructure", "PeTelecome.BuildingBlocks.Infrastructure\PeTelecome.BuildingBlocks.Infrastructure.csproj", "{C3486210-5D25-46E1-A0DD-297BB269435B}"
EndProject
Project("{FAE04EC0-301F-11D3-BF4B-00C04F79EFBC}") = "PeTelecome.BuildingBlocks.Domain", "PeTelecome.BuildingBlocks.Domain\PeTelecome.BuildingBlocks.Domain.csproj", "{272C421E-946A-4A8C-B245-10780991862D}"
EndProject
Global
	GlobalSection(SolutionConfigurationPlatforms) = preSolution
		Debug|Any CPU = Debug|Any CPU
		Release|Any CPU = Release|Any CPU
	EndGlobalSection
	GlobalSection(ProjectConfigurationPlatforms) = postSolution
		{C3486210-5D25-46E1-A0DD-297BB269435B}.Debug|Any CPU.ActiveCfg = Debug|Any CPU
		{C3486210-5D25-46E1-A0DD-297BB269435B}.Debug|Any CPU.Build.0 = Debug|Any CPU
		{C3486210-5D25-46E1-A0DD-297BB269435B}.Release|Any CPU.ActiveCfg = Release|Any CPU
		{C3486210-5D25-46E1-A0DD-297BB269435B}.Release|Any CPU.Build.0 = Release|Any CPU
		{272C421E-946A-4A8C-B245-10780991862D}.Debug|Any CPU.ActiveCfg = Debug|Any CPU
		{272C421E-946A-4A8C-B245-10780991862D}.Debug|Any CPU.Build.0 = Debug|Any CPU
		{272C421E-946A-4A8C-B245-10780991862D}.Release|Any CPU.ActiveCfg = Release|Any CPU
		{272C421E-946A-4A8C-B245-10780991862D}.Release|Any CPU.Build.0 = Release|Any CPU
	EndGlobalSection
	GlobalSection(SolutionProperties) = preSolution
		HideSolutionNode = FALSE
	EndGlobalSection
	GlobalSection(NestedProjects) = preSolution
		{C3486210-5D25-46E1-A0DD-297BB269435B} = {3A1500D7-BB0E-43A7-B4F4-A84AB6FD03EE}
		{272C421E-946A-4A8C-B245-10780991862D} = {3A1500D7-BB0E-43A7-B4F4-A84AB6FD03EE}
	EndGlobalSection
	GlobalSection(ExtensibilityGlobals) = postSolution
		SolutionGuid = {A3E57472-C11E-45FF-B735-A8781889BE34}
	EndGlobalSection
EndGlobal
